
Microsoft Visual Studio Solution File, Format Version 12.00
# Visual Studio Version 17
VisualStudioVersion = 17.6.33815.320
MinimumVisualStudioVersion = 10.0.40219.1
Project("{FAE04EC0-301F-11D3-BF4B-00C04F79EFBC}") = "piXel UBS", "piXel UBS\piXel UBS.csproj", "{EA4CDE39-5674-49DE-B703-C8E7E5B8FFF5}"
EndProject
Global
	GlobalSection(SolutionConfigurationPlatforms) = preSolution
		Debug|Any CPU = Debug|Any CPU
		Release|Any CPU = Release|Any CPU
	EndGlobalSection
	GlobalSection(ProjectConfigurationPlatforms) = postSolution
		{EA4CDE39-5674-49DE-B703-C8E7E5B8FFF5}.Debug|Any CPU.ActiveCfg = Debug|Any CPU
		{EA4CDE39-5674-49DE-B703-C8E7E5B8FFF5}.Debug|Any CPU.Build.0 = Debug|Any CPU
		{EA4CDE39-5674-49DE-B703-C8E7E5B8FFF5}.Release|Any CPU.ActiveCfg = Release|Any CPU
		{EA4CDE39-5674-49DE-B703-C8E7E5B8FFF5}.Release|Any CPU.Build.0 = Release|Any CPU
	EndGlobalSection
	GlobalSection(SolutionProperties) = preSolution
		HideSolutionNode = FALSE
	EndGlobalSection
	GlobalSection(ExtensibilityGlobals) = postSolution
		SolutionGuid = {72B85A59-59CF-449D-A1EE-E6C20E4BDAA6}
	EndGlobalSection
EndGlobal
